
Microsoft Visual Studio Solution File, Format Version 12.00
# Visual Studio 15
VisualStudioVersion = 15.0.27703.2018
MinimumVisualStudioVersion = 10.0.40219.1
Project("{FAE04EC0-301F-11D3-BF4B-00C04F79EFBC}") = "WebapiwithnoDB", "WebapiwithnoDB\WebapiwithnoDB.csproj", "{BB61919F-C84C-4ACC-B0F3-57F0241A0CB6}"
EndProject
Global
	GlobalSection(SolutionConfigurationPlatforms) = preSolution
		Debug|Any CPU = Debug|Any CPU
		Release|Any CPU = Release|Any CPU
	EndGlobalSection
	GlobalSection(ProjectConfigurationPlatforms) = postSolution
		{BB61919F-C84C-4ACC-B0F3-57F0241A0CB6}.Debug|Any CPU.ActiveCfg = Debug|Any CPU
		{BB61919F-C84C-4ACC-B0F3-57F0241A0CB6}.Debug|Any CPU.Build.0 = Debug|Any CPU
		{BB61919F-C84C-4ACC-B0F3-57F0241A0CB6}.Release|Any CPU.ActiveCfg = Release|Any CPU
		{BB61919F-C84C-4ACC-B0F3-57F0241A0CB6}.Release|Any CPU.Build.0 = Release|Any CPU
	EndGlobalSection
	GlobalSection(SolutionProperties) = preSolution
		HideSolutionNode = FALSE
	EndGlobalSection
	GlobalSection(ExtensibilityGlobals) = postSolution
		SolutionGuid = {42927552-FEE1-43D0-B356-BF5B22B489C1}
	EndGlobalSection
EndGlobal
